// !$*UTF8*$!
{
	archiveVersion = 1;
	classes = {
	};
	objectVersion = 46;
	objects = {

/* Begin PBXBuildFile section */
		616DA6461CEF1206008AF2D2 /* AppDelegate.swift in Sources */ = {isa = PBXBuildFile; fileRef = 616DA6451CEF1206008AF2D2 /* AppDelegate.swift */; };
		616DA6481CEF1206008AF2D2 /* ViewController.swift in Sources */ = {isa = PBXBuildFile; fileRef = 616DA6471CEF1206008AF2D2 /* ViewController.swift */; };
		616DA64B1CEF1206008AF2D2 /* Main.storyboard in Resources */ = {isa = PBXBuildFile; fileRef = 616DA6491CEF1206008AF2D2 /* Main.storyboard */; };
		616DA64D1CEF1206008AF2D2 /* Assets.xcassets in Resources */ = {isa = PBXBuildFile; fileRef = 616DA64C1CEF1206008AF2D2 /* Assets.xcassets */; };
		616DA6501CEF1206008AF2D2 /* LaunchScreen.storyboard in Resources */ = {isa = PBXBuildFile; fileRef = 616DA64E1CEF1206008AF2D2 /* LaunchScreen.storyboard */; };
/* End PBXBuildFile section */

/* Begin PBXFileReference section */
		616DA6421CEF1206008AF2D2 /* BuildTimeAnalyzer.app */ = {isa = PBXFileReference; explicitFileType = wrapper.application; includeInIndex = 0; path = BuildTimeAnalyzer.app; sourceTree = BUILT_PRODUCTS_DIR; };
		616DA6451CEF1206008AF2D2 /* AppDelegate.swift */ = {isa = PBXFileReference; lastKnownFileType = sourcecode.swift; path = AppDelegate.swift; sourceTree = "<group>"; };
		616DA6471CEF1206008AF2D2 /* ViewController.swift */ = {isa = PBXFileReference; lastKnownFileType = sourcecode.swift; path = ViewController.swift; sourceTree = "<group>"; };
		616DA64A1CEF1206008AF2D2 /* Base */ = {isa = PBXFileReference; lastKnownFileType = file.storyboard; name = Base; path = Base.lproj/Main.storyboard; sourceTree = "<group>"; };
		616DA64C1CEF1206008AF2D2 /* Assets.xcassets */ = {isa = PBXFileReference; lastKnownFileType = folder.assetcatalog; path = Assets.xcassets; sourceTree = "<group>"; };
		616DA64F1CEF1206008AF2D2 /* Base */ = {isa = PBXFileReference; lastKnownFileType = file.storyboard; name = Base; path = Base.lproj/LaunchScreen.storyboard; sourceTree = "<group>"; };
		616DA6511CEF1206008AF2D2 /* Info.plist */ = {isa = PBXFileReference; lastKnownFileType = text.plist.xml; path = Info.plist; sourceTree = "<group>"; };
/* End PBXFileReference section */

/* Begin PBXFrameworksBuildPhase section */
		616DA63F1CEF1206008AF2D2 /* Frameworks */ = {
			isa = PBXFrameworksBuildPhase;
			buildActionMask = 2147483647;
			files = (
			);
			runOnlyForDeploymentPostprocessing = 0;
		};
/* End PBXFrameworksBuildPhase section */

/* Begin PBXGroup section */
		616DA6391CEF1206008AF2D2 = {
			isa = PBXGroup;
			children = (
				616DA6441CEF1206008AF2D2 /* BuildTimeAnalyzer */,
				616DA6431CEF1206008AF2D2 /* Products */,
			);
			sourceTree = "<group>";
		};
		616DA6431CEF1206008AF2D2 /* Products */ = {
			isa = PBXGroup;
			children = (
				616DA6421CEF1206008AF2D2 /* BuildTimeAnalyzer.app */,
			);
			name = Products;
			sourceTree = "<group>";
		};
		616DA6441CEF1206008AF2D2 /* BuildTimeAnalyzer */ = {
			isa = PBXGroup;
			children = (
				616DA6451CEF1206008AF2D2 /* AppDelegate.swift */,
				616DA6471CEF1206008AF2D2 /* ViewController.swift */,
				616DA6491CEF1206008AF2D2 /* Main.storyboard */,
				616DA64C1CEF1206008AF2D2 /* Assets.xcassets */,
				616DA64E1CEF1206008AF2D2 /* LaunchScreen.storyboard */,
				616DA6511CEF1206008AF2D2 /* Info.plist */,
			);
			path = BuildTimeAnalyzer;
			sourceTree = "<group>";
		};
/* End PBXGroup section */

/* Begin PBXNativeTarget section */
		616DA6411CEF1206008AF2D2 /* BuildTimeAnalyzer */ = {
			isa = PBXNativeTarget;
			buildConfigurationList = 616DA6541CEF1206008AF2D2 /* Build configuration list for PBXNativeTarget "BuildTimeAnalyzer" */;
			buildPhases = (
				616DA63E1CEF1206008AF2D2 /* Sources */,
				616DA63F1CEF1206008AF2D2 /* Frameworks */,
				616DA6401CEF1206008AF2D2 /* Resources */,
			);
			buildRules = (
			);
			dependencies = (
			);
			name = BuildTimeAnalyzer;
			productName = BuildTimeAnalyzer;
			productReference = 616DA6421CEF1206008AF2D2 /* BuildTimeAnalyzer.app */;
			productType = "com.apple.product-type.application";
		};
/* End PBXNativeTarget section */

/* Begin PBXProject section */
		616DA63A1CEF1206008AF2D2 /* Project object */ = {
			isa = PBXProject;
			attributes = {
				LastSwiftUpdateCheck = 0730;
				LastUpgradeCheck = 0730;
				ORGANIZATIONNAME = arj;
				TargetAttributes = {
					616DA6411CEF1206008AF2D2 = {
						CreatedOnToolsVersion = 7.3.1;
					};
				};
			};
			buildConfigurationList = 616DA63D1CEF1206008AF2D2 /* Build configuration list for PBXProject "BuildTimeAnalyzer" */;
			compatibilityVersion = "Xcode 3.2";
			developmentRegion = English;
			hasScannedForEncodings = 0;
			knownRegions = (
				en,
				Base,
			);
			mainGroup = 616DA6391CEF1206008AF2D2;
			productRefGroup = 616DA6431CEF1206008AF2D2 /* Products */;
			projectDirPath = "";
			projectRoot = "";
			targets = (
				616DA6411CEF1206008AF2D2 /* BuildTimeAnalyzer */,
			);
		};
/* End PBXProject section */

/* Begin PBXResourcesBuildPhase section */
		616DA6401CEF1206008AF2D2 /* Resources */ = {
			isa = PBXResourcesBuildPhase;
			buildActionMask = 2147483647;
			files = (
				616DA6501CEF1206008AF2D2 /* LaunchScreen.storyboard in Resources */,
				616DA64D1CEF1206008AF2D2 /* Assets.xcassets in Resources */,
				616DA64B1CEF1206008AF2D2 /* Main.storyboard in Resources */,
			);
			runOnlyForDeploymentPostprocessing = 0;
		};
/* End PBXResourcesBuildPhase section */

/* Begin PBXSourcesBuildPhase section */
		616DA63E1CEF1206008AF2D2 /* Sources */ = {
			isa = PBXSourcesBuildPhase;
			buildActionMask = 2147483647;
			files = (
				616DA6481CEF1206008AF2D2 /* ViewController.swift in Sources */,
				616DA6461CEF1206008AF2D2 /* AppDelegate.swift in Sources */,
			);
			runOnlyForDeploymentPostprocessing = 0;
		};
/* End PBXSourcesBuildPhase section */

/* Begin PBXVariantGroup section */
		616DA6491CEF1206008AF2D2 /* Main.storyboard */ = {
			isa = PBXVariantGroup;
			children = (
				616DA64A1CEF1206008AF2D2 /* Base */,
			);
			name = Main.storyboard;
			sourceTree = "<group>";
		};
		616DA64E1CEF1206008AF2D2 /* LaunchScreen.storyboard */ = {
			isa = PBXVariantGroup;
			children = (
				616DA64F1CEF1206008AF2D2 /* Base */,
			);
			name = LaunchScreen.storyboard;
			sourceTree = "<group>";
		};
/* End PBXVariantGroup section */

/* Begin XCBuildConfiguration section */
		616DA6521CEF1206008AF2D2 /* Debug */ = {
			isa = XCBuildConfiguration;
			buildSettings = {
				ALWAYS_SEARCH_USER_PATHS = NO;
				CLANG_ANALYZER_NONNULL = YES;
				CLANG_CXX_LANGUAGE_STANDARD = "gnu++0x";
				CLANG_CXX_LIBRARY = "libc++";
				CLANG_ENABLE_MODULES = YES;
				CLANG_ENABLE_OBJC_ARC = YES;
				CLANG_WARN_BOOL_CONVERSION = YES;
				CLANG_WARN_CONSTANT_CONVERSION = YES;
				CLANG_WARN_DIRECT_OBJC_ISA_USAGE = YES_ERROR;
				CLANG_WARN_EMPTY_BODY = YES;
				CLANG_WARN_ENUM_CONVERSION = YES;
				CLANG_WARN_INT_CONVERSION = YES;
				CLANG_WARN_OBJC_ROOT_CLASS = YES_ERROR;
				CLANG_WARN_UNREACHABLE_CODE = YES;
				CLANG_WARN__DUPLICATE_METHOD_MATCH = YES;
				"CODE_SIGN_IDENTITY[sdk=iphoneos*]" = "iPhone Developer";
				COPY_PHASE_STRIP = NO;
				DEBUG_INFORMATION_FORMAT = dwarf;
				ENABLE_STRICT_OBJC_MSGSEND = YES;
				ENABLE_TESTABILITY = YES;
				GCC_C_LANGUAGE_STANDARD = gnu99;
				GCC_DYNAMIC_NO_PIC = NO;
				GCC_NO_COMMON_BLOCKS = YES;
				GCC_OPTIMIZATION_LEVEL = 0;
				GCC_PREPROCESSOR_DEFINITIONS = (
					"DEBUG=1",
					"$(inherited)",
				);
				GCC_WARN_64_TO_32_BIT_CONVERSION = YES;
				GCC_WARN_ABOUT_RETURN_TYPE = YES_ERROR;
				GCC_WARN_UNDECLARED_SELECTOR = YES;
				GCC_WARN_UNINITIALIZED_AUTOS = YES_AGGRESSIVE;
				GCC_WARN_UNUSED_FUNCTION = YES;
				GCC_WARN_UNUSED_VARIABLE = YES;
				IPHONEOS_DEPLOYMENT_TARGET = 9.3;
				MTL_ENABLE_DEBUG_INFO = YES;
				ONLY_ACTIVE_ARCH = YES;
				SDKROOT = iphoneos;
				SWIFT_OPTIMIZATION_LEVEL = "-Onone";
			};
			name = Debug;
		};
		616DA6531CEF1206008AF2D2 /* Release */ = {
			isa = XCBuildConfiguration;
			buildSettings = {
				ALWAYS_SEARCH_USER_PATHS = NO;
				CLANG_ANALYZER_NONNULL = YES;
				CLANG_CXX_LANGUAGE_STANDARD = "gnu++0x";
				CLANG_CXX_LIBRARY = "libc++";
				CLANG_ENABLE_MODULES = YES;
				CLANG_ENABLE_OBJC_ARC = YES;
				CLANG_WARN_BOOL_CONVERSION = YES;
				CLANG_WARN_CONSTANT_CONVERSION = YES;
				CLANG_WARN_DIRECT_OBJC_ISA_USAGE = YES_ERROR;
				CLANG_WARN_EMPTY_BODY = YES;
				CLANG_WARN_ENUM_CONVERSION = YES;
				CLANG_WARN_INT_CONVERSION = YES;
				CLANG_WARN_OBJC_ROOT_CLASS = YES_ERROR;
				CLANG_WARN_UNREACHABLE_CODE = YES;
				CLANG_WARN__DUPLICATE_METHOD_MATCH = YES;
				"CODE_SIGN_IDENTITY[sdk=iphoneos*]" = "iPhone Developer";
				COPY_PHASE_STRIP = NO;
				DEBUG_INFORMATION_FORMAT = "dwarf-with-dsym";
				ENABLE_NS_ASSERTIONS = NO;
				ENABLE_STRICT_OBJC_MSGSEND = YES;
				GCC_C_LANGUAGE_STANDARD = gnu99;
				GCC_NO_COMMON_BLOCKS = YES;
				GCC_WARN_64_TO_32_BIT_CONVERSION = YES;
				GCC_WARN_ABOUT_RETURN_TYPE = YES_ERROR;
				GCC_WARN_UNDECLARED_SELECTOR = YES;
				GCC_WARN_UNINITIALIZED_AUTOS = YES_AGGRESSIVE;
				GCC_WARN_UNUSED_FUNCTION = YES;
				GCC_WARN_UNUSED_VARIABLE = YES;
				IPHONEOS_DEPLOYMENT_TARGET = 9.3;
				MTL_ENABLE_DEBUG_INFO = NO;
				SDKROOT = iphoneos;
				VALIDATE_PRODUCT = YES;
			};
			name = Release;
		};
		616DA6551CEF1206008AF2D2 /* Debug */ = {
			isa = XCBuildConfiguration;
			buildSettings = {
				ASSETCATALOG_COMPILER_APPICON_NAME = AppIcon;
				INFOPLIST_FILE = BuildTimeAnalyzer/Info.plist;
				LD_RUNPATH_SEARCH_PATHS = "$(inherited) @executable_path/Frameworks";
				OTHER_SWIFT_FLAGS = "-Xfrontend -debug-time-function-bodies";
				PRODUCT_BUNDLE_IDENTIFIER = com.arj.BuildTimeAnalyzer;
				PRODUCT_NAME = "$(TARGET_NAME)";
			};
			name = Debug;
		};
		616DA6561CEF1206008AF2D2 /* Release */ = {
			isa = XCBuildConfiguration;
			buildSettings = {
				ASSETCATALOG_COMPILER_APPICON_NAME = AppIcon;
				INFOPLIST_FILE = BuildTimeAnalyzer/Info.plist;
				LD_RUNPATH_SEARCH_PATHS = "$(inherited) @executable_path/Frameworks";
				OTHER_SWIFT_FLAGS = "-Xfrontend -debug-time-function-bodies";
				PRODUCT_BUNDLE_IDENTIFIER = com.arj.BuildTimeAnalyzer;
				PRODUCT_NAME = "$(TARGET_NAME)";
			};
			name = Release;
		};
/* End XCBuildConfiguration section */

/* Begin XCConfigurationList section */
		616DA63D1CEF1206008AF2D2 /* Build configuration list for PBXProject "BuildTimeAnalyzer" */ = {
			isa = XCConfigurationList;
			buildConfigurations = (
				616DA6521CEF1206008AF2D2 /* Debug */,
				616DA6531CEF1206008AF2D2 /* Release */,
			);
			defaultConfigurationIsVisible = 0;
			defaultConfigurationName = Release;
		};
		616DA6541CEF1206008AF2D2 /* Build configuration list for PBXNativeTarget "BuildTimeAnalyzer" */ = {
			isa = XCConfigurationList;
			buildConfigurations = (
				616DA6551CEF1206008AF2D2 /* Debug */,
				616DA6561CEF1206008AF2D2 /* Release */,
			);
			defaultConfigurationIsVisible = 0;
			defaultConfigurationName = Release;
		};
/* End XCConfigurationList section */
	};
	rootObject = 616DA63A1CEF1206008AF2D2 /* Project object */;
}
